Microsoft Visual Studio Solution File, Format Version 12.00
# Visual Studio 2012
Project("{FAE04EC0-301F-11D3-BF4B-00C04F79EFBC}") = "Farm", "Farm.csproj", "{074C4444-4616-4265-B12A-731D73DE267C}"
EndProject
Global
	GlobalSection(SolutionConfigurationPlatforms) = preSolution
	Debug|Any CPU = Debug|Any CPU
	ExportDebug|Any CPU = ExportDebug|Any CPU
	ExportRelease|Any CPU = ExportRelease|Any CPU
	EndGlobalSection
	GlobalSection(ProjectConfigurationPlatforms) = postSolution
		{074C4444-4616-4265-B12A-731D73DE267C}.Debug|Any CPU.ActiveCfg = Debug|Any CPU
		{074C4444-4616-4265-B12A-731D73DE267C}.Debug|Any CPU.Build.0 = Debug|Any CPU
		{074C4444-4616-4265-B12A-731D73DE267C}.ExportDebug|Any CPU.ActiveCfg = ExportDebug|Any CPU
		{074C4444-4616-4265-B12A-731D73DE267C}.ExportDebug|Any CPU.Build.0 = ExportDebug|Any CPU
		{074C4444-4616-4265-B12A-731D73DE267C}.ExportRelease|Any CPU.ActiveCfg = ExportRelease|Any CPU
		{074C4444-4616-4265-B12A-731D73DE267C}.ExportRelease|Any CPU.Build.0 = ExportRelease|Any CPU
	EndGlobalSection
EndGlobal
